{
  "name": "dns-club2",
  "version": "0.1.0",
  "lockfileVersion": 1,
  "requires": true,
  "dependencies": {
    "dropzone": {
      "version": "5.5.1",
      "resolved": "https://registry.npmjs.org/dropzone/-/dropzone-5.5.1.tgz",
      "integrity": "sha512-3VduRWLxx9hbVr42QieQN25mx/I61/mRdUSuxAmDGdDqZIN8qtP7tcKMa3KfpJjuGjOJGYYUzzeq6eGDnkzesA=="
    },
    "sticky-sidebar": {
      "version": "3.3.1",
      "resolved": "https://registry.npmjs.org/sticky-sidebar/-/sticky-sidebar-3.3.1.tgz",
      "integrity": "sha1-FCv2tkwrQW5LcH6/jwm4taUEOHc="
    },
    "vue2-dropzone": {
      "version": "3.5.2",
      "resolved": "https://registry.npmjs.org/vue2-dropzone/-/vue2-dropzone-3.5.2.tgz",
      "integrity": "sha512-cigwZLe2USiIdxHEUKHNuJcbrGDNwuyqSE/FnYXQpG27cxCFtbyo1b8ZxRTa0sTY3czcrFtIZTox67VMahA7cg==",
      "requires": {
        "dropzone": "^5.5.0"
      }
    }
  }
}
